
Microsoft Visual Studio Solution File, Format Version 12.00
# Visual Studio Version 16
VisualStudioVersion = 16.0.29519.87
MinimumVisualStudioVersion = 10.0.40219.1
Project("{9A19103F-16F7-4668-BE54-9A1E7A4F7556}") = "EpreuveCofomo", "EpreuveCofomo\EpreuveCofomo.csproj", "{740B8750-39C5-46E3-9069-44B564E43F46}"
EndProject
Project("{FAE04EC0-301F-11D3-BF4B-00C04F79EFBC}") = "TrainingCSharpNet", "TrainingCSharpNet\TrainingCSharpNet.csproj", "{F91ED648-3346-44C0-9E04-9922A83D0710}"
EndProject
Global
	GlobalSection(SolutionConfigurationPlatforms) = preSolution
		Debug|Any CPU = Debug|Any CPU
		Release|Any CPU = Release|Any CPU
	EndGlobalSection
	GlobalSection(ProjectConfigurationPlatforms) = postSolution
		{740B8750-39C5-46E3-9069-44B564E43F46}.Debug|Any CPU.ActiveCfg = Debug|Any CPU
		{740B8750-39C5-46E3-9069-44B564E43F46}.Debug|Any CPU.Build.0 = Debug|Any CPU
		{740B8750-39C5-46E3-9069-44B564E43F46}.Release|Any CPU.ActiveCfg = Release|Any CPU
		{740B8750-39C5-46E3-9069-44B564E43F46}.Release|Any CPU.Build.0 = Release|Any CPU
		{F91ED648-3346-44C0-9E04-9922A83D0710}.Debug|Any CPU.ActiveCfg = Debug|Any CPU
		{F91ED648-3346-44C0-9E04-9922A83D0710}.Debug|Any CPU.Build.0 = Debug|Any CPU
		{F91ED648-3346-44C0-9E04-9922A83D0710}.Release|Any CPU.ActiveCfg = Release|Any CPU
		{F91ED648-3346-44C0-9E04-9922A83D0710}.Release|Any CPU.Build.0 = Release|Any CPU
	EndGlobalSection
	GlobalSection(SolutionProperties) = preSolution
		HideSolutionNode = FALSE
	EndGlobalSection
	GlobalSection(ExtensibilityGlobals) = postSolution
		SolutionGuid = {5957FAF5-A18C-4921-8A00-F622CC870821}
	EndGlobalSection
EndGlobal
